{
  "requires": true,
  "lockfileVersion": 1,
  "dependencies": {
    "mdbootstrap": {
      "version": "4.5.16",
      "resolved": "https://registry.npmjs.org/mdbootstrap/-/mdbootstrap-4.5.16.tgz",
      "integrity": "sha512-wcMtdWBG77v9tqQK6TuoTvreiktS7k0no12vZXQkJL4x1teO9mAO6qXc3uBAFLPoF8b/hpE02wcm1NXrIEN9HA=="
    }
  }
}
